// !$*UTF8*$!
{
	archiveVersion = 1;
	classes = {
	};
	objectVersion = 56;
	objects = {

/* Begin PBXBuildFile section */
		391A9A9C2BEFDDA70000E77B /* AirportsFinderApp.swift in Sources */ = {isa = PBXBuildFile; fileRef = 391A9A9B2BEFDDA70000E77B /* AirportsFinderApp.swift */; };
		391A9A9E2BEFDDA70000E77B /* ContentView.swift in Sources */ = {isa = PBXBuildFile; fileRef = 391A9A9D2BEFDDA70000E77B /* ContentView.swift */; };
		391A9AA02BEFDDA80000E77B /* Assets.xcassets in Resources */ = {isa = PBXBuildFile; fileRef = 391A9A9F2BEFDDA80000E77B /* Assets.xcassets */; };
		391A9AA42BEFDDA80000E77B /* Preview Assets.xcassets in Resources */ = {isa = PBXBuildFile; fileRef = 391A9AA32BEFDDA80000E77B /* Preview Assets.xcassets */; };
		391A9AAC2BEFDE490000E77B /* Model.swift in Sources */ = {isa = PBXBuildFile; fileRef = 391A9AAB2BEFDE490000E77B /* Model.swift */; };
		391A9AAF2BEFE7830000E77B /* HomeViewModel.swift in Sources */ = {isa = PBXBuildFile; fileRef = 391A9AAE2BEFE7830000E77B /* HomeViewModel.swift */; };
		391A9AB32BEFE7F20000E77B /* HomeView.swift in Sources */ = {isa = PBXBuildFile; fileRef = 391A9AB22BEFE7F20000E77B /* HomeView.swift */; };
		391A9AB62BEFE85A0000E77B /* ApiClient.swift in Sources */ = {isa = PBXBuildFile; fileRef = 391A9AB52BEFE85A0000E77B /* ApiClient.swift */; };
/* End PBXBuildFile section */

/* Begin PBXFileReference section */
		391A9A982BEFDDA70000E77B /* AirportsFinder.app */ = {isa = PBXFileReference; explicitFileType = wrapper.application; includeInIndex = 0; path = AirportsFinder.app; sourceTree = BUILT_PRODUCTS_DIR; };
		391A9A9B2BEFDDA70000E77B /* AirportsFinderApp.swift */ = {isa = PBXFileReference; lastKnownFileType = sourcecode.swift; path = AirportsFinderApp.swift; sourceTree = "<group>"; };
		391A9A9D2BEFDDA70000E77B /* ContentView.swift */ = {isa = PBXFileReference; lastKnownFileType = sourcecode.swift; path = ContentView.swift; sourceTree = "<group>"; };
		391A9A9F2BEFDDA80000E77B /* Assets.xcassets */ = {isa = PBXFileReference; lastKnownFileType = folder.assetcatalog; path = Assets.xcassets; sourceTree = "<group>"; };
		391A9AA12BEFDDA80000E77B /* AirportsFinder.entitlements */ = {isa = PBXFileReference; lastKnownFileType = text.plist.entitlements; path = AirportsFinder.entitlements; sourceTree = "<group>"; };
		391A9AA32BEFDDA80000E77B /* Preview Assets.xcassets */ = {isa = PBXFileReference; lastKnownFileType = folder.assetcatalog; path = "Preview Assets.xcassets"; sourceTree = "<group>"; };
		391A9AAB2BEFDE490000E77B /* Model.swift */ = {isa = PBXFileReference; lastKnownFileType = sourcecode.swift; path = Model.swift; sourceTree = "<group>"; };
		391A9AAE2BEFE7830000E77B /* HomeViewModel.swift */ = {isa = PBXFileReference; lastKnownFileType = sourcecode.swift; path = HomeViewModel.swift; sourceTree = "<group>"; };
		391A9AB22BEFE7F20000E77B /* HomeView.swift */ = {isa = PBXFileReference; lastKnownFileType = sourcecode.swift; path = HomeView.swift; sourceTree = "<group>"; };
		391A9AB52BEFE85A0000E77B /* ApiClient.swift */ = {isa = PBXFileReference; lastKnownFileType = sourcecode.swift; path = ApiClient.swift; sourceTree = "<group>"; };
/* End PBXFileReference section */

/* Begin PBXFrameworksBuildPhase section */
		391A9A952BEFDDA70000E77B /* Frameworks */ = {
			isa = PBXFrameworksBuildPhase;
			buildActionMask = 2147483647;
			files = (
			);
			runOnlyForDeploymentPostprocessing = 0;
		};
/* End PBXFrameworksBuildPhase section */

/* Begin PBXGroup section */
		391A9A8F2BEFDDA70000E77B = {
			isa = PBXGroup;
			children = (
				391A9AB42BEFE8370000E77B /* netWork */,
				391A9AAD2BEFE7120000E77B /* Moduls */,
				391A9AAA2BEFDE2B0000E77B /* Models */,
				391A9A9A2BEFDDA70000E77B /* AirportsFinder */,
				391A9A992BEFDDA70000E77B /* Products */,
			);
			sourceTree = "<group>";
		};
		391A9A992BEFDDA70000E77B /* Products */ = {
			isa = PBXGroup;
			children = (
				391A9A982BEFDDA70000E77B /* AirportsFinder.app */,
			);
			name = Products;
			sourceTree = "<group>";
		};
		391A9A9A2BEFDDA70000E77B /* AirportsFinder */ = {
			isa = PBXGroup;
			children = (
				391A9A9B2BEFDDA70000E77B /* AirportsFinderApp.swift */,
				391A9A9D2BEFDDA70000E77B /* ContentView.swift */,
				391A9A9F2BEFDDA80000E77B /* Assets.xcassets */,
				391A9AA12BEFDDA80000E77B /* AirportsFinder.entitlements */,
				391A9AA22BEFDDA80000E77B /* Preview Content */,
			);
			path = AirportsFinder;
			sourceTree = "<group>";
		};
		391A9AA22BEFDDA80000E77B /* Preview Content */ = {
			isa = PBXGroup;
			children = (
				391A9AA32BEFDDA80000E77B /* Preview Assets.xcassets */,
			);
			path = "Preview Content";
			sourceTree = "<group>";
		};
		391A9AAA2BEFDE2B0000E77B /* Models */ = {
			isa = PBXGroup;
			children = (
				391A9AAB2BEFDE490000E77B /* Model.swift */,
			);
			path = Models;
			sourceTree = "<group>";
		};
		391A9AAD2BEFE7120000E77B /* Moduls */ = {
			isa = PBXGroup;
			children = (
				391A9AAE2BEFE7830000E77B /* HomeViewModel.swift */,
				391A9AB22BEFE7F20000E77B /* HomeView.swift */,
			);
			path = Moduls;
			sourceTree = "<group>";
		};
		391A9AB42BEFE8370000E77B /* netWork */ = {
			isa = PBXGroup;
			children = (
				391A9AB52BEFE85A0000E77B /* ApiClient.swift */,
			);
			path = netWork;
			sourceTree = "<group>";
		};
/* End PBXGroup section */

/* Begin PBXNativeTarget section */
		391A9A972BEFDDA70000E77B /* AirportsFinder */ = {
			isa = PBXNativeTarget;
			buildConfigurationList = 391A9AA72BEFDDA80000E77B /* Build configuration list for PBXNativeTarget "AirportsFinder" */;
			buildPhases = (
				391A9A942BEFDDA70000E77B /* Sources */,
				391A9A952BEFDDA70000E77B /* Frameworks */,
				391A9A962BEFDDA70000E77B /* Resources */,
			);
			buildRules = (
			);
			dependencies = (
			);
			name = AirportsFinder;
			productName = AirportsFinder;
			productReference = 391A9A982BEFDDA70000E77B /* AirportsFinder.app */;
			productType = "com.apple.product-type.application";
		};
/* End PBXNativeTarget section */

/* Begin PBXProject section */
		391A9A902BEFDDA70000E77B /* Project object */ = {
			isa = PBXProject;
			attributes = {
				BuildIndependentTargetsInParallel = 1;
				LastSwiftUpdateCheck = 1530;
				LastUpgradeCheck = 1530;
				TargetAttributes = {
					391A9A972BEFDDA70000E77B = {
						CreatedOnToolsVersion = 15.3;
					};
				};
			};
			buildConfigurationList = 391A9A932BEFDDA70000E77B /* Build configuration list for PBXProject "AirportsFinder" */;
			compatibilityVersion = "Xcode 14.0";
			developmentRegion = en;
			hasScannedForEncodings = 0;
			knownRegions = (
				en,
				Base,
			);
			mainGroup = 391A9A8F2BEFDDA70000E77B;
			productRefGroup = 391A9A992BEFDDA70000E77B /* Products */;
			projectDirPath = "";
			projectRoot = "";
			targets = (
				391A9A972BEFDDA70000E77B /* AirportsFinder */,
			);
		};
/* End PBXProject section */

/* Begin PBXResourcesBuildPhase section */
		391A9A962BEFDDA70000E77B /* Resources */ = {
			isa = PBXResourcesBuildPhase;
			buildActionMask = 2147483647;
			files = (
				391A9AA42BEFDDA80000E77B /* Preview Assets.xcassets in Resources */,
				391A9AA02BEFDDA80000E77B /* Assets.xcassets in Resources */,
			);
			runOnlyForDeploymentPostprocessing = 0;
		};
/* End PBXResourcesBuildPhase section */

/* Begin PBXSourcesBuildPhase section */
		391A9A942BEFDDA70000E77B /* Sources */ = {
			isa = PBXSourcesBuildPhase;
			buildActionMask = 2147483647;
			files = (
				391A9AAC2BEFDE490000E77B /* Model.swift in Sources */,
				391A9A9E2BEFDDA70000E77B /* ContentView.swift in Sources */,
				391A9AAF2BEFE7830000E77B /* HomeViewModel.swift in Sources */,
				391A9AB32BEFE7F20000E77B /* HomeView.swift in Sources */,
				391A9A9C2BEFDDA70000E77B /* AirportsFinderApp.swift in Sources */,
				391A9AB62BEFE85A0000E77B /* ApiClient.swift in Sources */,
			);
			runOnlyForDeploymentPostprocessing = 0;
		};
/* End PBXSourcesBuildPhase section */

/* Begin XCBuildConfiguration section */
		391A9AA52BEFDDA80000E77B /* Debug */ = {
			isa = XCBuildConfiguration;
			buildSettings = {
				ALWAYS_SEARCH_USER_PATHS = NO;
				ASSETCATALOG_COMPILER_GENERATE_SWIFT_ASSET_SYMBOL_EXTENSIONS = YES;
				CLANG_ANALYZER_NONNULL = YES;
				CLANG_ANALYZER_NUMBER_OBJECT_CONVERSION = YES_AGGRESSIVE;
				CLANG_CXX_LANGUAGE_STANDARD = "gnu++20";
				CLANG_ENABLE_MODULES = YES;
				CLANG_ENABLE_OBJC_ARC = YES;
				CLANG_ENABLE_OBJC_WEAK = YES;
				CLANG_WARN_BLOCK_CAPTURE_AUTORELEASING = YES;
				CLANG_WARN_BOOL_CONVERSION = YES;
				CLANG_WARN_COMMA = YES;
				CLANG_WARN_CONSTANT_CONVERSION = YES;
				CLANG_WARN_DEPRECATED_OBJC_IMPLEMENTATIONS = YES;
				CLANG_WARN_DIRECT_OBJC_ISA_USAGE = YES_ERROR;
				CLANG_WARN_DOCUMENTATION_COMMENTS = YES;
				CLANG_WARN_EMPTY_BODY = YES;
				CLANG_WARN_ENUM_CONVERSION = YES;
				CLANG_WARN_INFINITE_RECURSION = YES;
				CLANG_WARN_INT_CONVERSION = YES;
				CLANG_WARN_NON_LITERAL_NULL_CONVERSION = YES;
				CLANG_WARN_OBJC_IMPLICIT_RETAIN_SELF = YES;
				CLANG_WARN_OBJC_LITERAL_CONVERSION = YES;
				CLANG_WARN_OBJC_ROOT_CLASS = YES_ERROR;
				CLANG_WARN_QUOTED_INCLUDE_IN_FRAMEWORK_HEADER = YES;
				CLANG_WARN_RANGE_LOOP_ANALYSIS = YES;
				CLANG_WARN_STRICT_PROTOTYPES = YES;
				CLANG_WARN_SUSPICIOUS_MOVE = YES;
				CLANG_WARN_UNGUARDED_AVAILABILITY = YES_AGGRESSIVE;
				CLANG_WARN_UNREACHABLE_CODE = YES;
				CLANG_WARN__DUPLICATE_METHOD_MATCH = YES;
				COPY_PHASE_STRIP = NO;
				DEBUG_INFORMATION_FORMAT = dwarf;
				ENABLE_STRICT_OBJC_MSGSEND = YES;
				ENABLE_TESTABILITY = YES;
				ENABLE_USER_SCRIPT_SANDBOXING = YES;
				GCC_C_LANGUAGE_STANDARD = gnu17;
				GCC_DYNAMIC_NO_PIC = NO;
				GCC_NO_COMMON_BLOCKS = YES;
				GCC_OPTIMIZATION_LEVEL = 0;
				GCC_PREPROCESSOR_DEFINITIONS = (
					"DEBUG=1",
					"$(inherited)",
				);
				GCC_WARN_64_TO_32_BIT_CONVERSION = YES;
				GCC_WARN_ABOUT_RETURN_TYPE = YES_ERROR;
				GCC_WARN_UNDECLARED_SELECTOR = YES;
				GCC_WARN_UNINITIALIZED_AUTOS = YES_AGGRESSIVE;
				GCC_WARN_UNUSED_FUNCTION = YES;
				GCC_WARN_UNUSED_VARIABLE = YES;
				LOCALIZATION_PREFERS_STRING_CATALOGS = YES;
				MTL_ENABLE_DEBUG_INFO = INCLUDE_SOURCE;
				MTL_FAST_MATH = YES;
				ONLY_ACTIVE_ARCH = YES;
				SWIFT_ACTIVE_COMPILATION_CONDITIONS = "DEBUG $(inherited)";
				SWIFT_OPTIMIZATION_LEVEL = "-Onone";
			};
			name = Debug;
		};
		391A9AA62BEFDDA80000E77B /* Release */ = {
			isa = XCBuildConfiguration;
			buildSettings = {
				ALWAYS_SEARCH_USER_PATHS = NO;
				ASSETCATALOG_COMPILER_GENERATE_SWIFT_ASSET_SYMBOL_EXTENSIONS = YES;
				CLANG_ANALYZER_NONNULL = YES;
				CLANG_ANALYZER_NUMBER_OBJECT_CONVERSION = YES_AGGRESSIVE;
				CLANG_CXX_LANGUAGE_STANDARD = "gnu++20";
				CLANG_ENABLE_MODULES = YES;
				CLANG_ENABLE_OBJC_ARC = YES;
				CLANG_ENABLE_OBJC_WEAK = YES;
				CLANG_WARN_BLOCK_CAPTURE_AUTORELEASING = YES;
				CLANG_WARN_BOOL_CONVERSION = YES;
				CLANG_WARN_COMMA = YES;
				CLANG_WARN_CONSTANT_CONVERSION = YES;
				CLANG_WARN_DEPRECATED_OBJC_IMPLEMENTATIONS = YES;
				CLANG_WARN_DIRECT_OBJC_ISA_USAGE = YES_ERROR;
				CLANG_WARN_DOCUMENTATION_COMMENTS = YES;
				CLANG_WARN_EMPTY_BODY = YES;
				CLANG_WARN_ENUM_CONVERSION = YES;
				CLANG_WARN_INFINITE_RECURSION = YES;
				CLANG_WARN_INT_CONVERSION = YES;
				CLANG_WARN_NON_LITERAL_NULL_CONVERSION = YES;
				CLANG_WARN_OBJC_IMPLICIT_RETAIN_SELF = YES;
				CLANG_WARN_OBJC_LITERAL_CONVERSION = YES;
				CLANG_WARN_OBJC_ROOT_CLASS = YES_ERROR;
				CLANG_WARN_QUOTED_INCLUDE_IN_FRAMEWORK_HEADER = YES;
				CLANG_WARN_RANGE_LOOP_ANALYSIS = YES;
				CLANG_WARN_STRICT_PROTOTYPES = YES;
				CLANG_WARN_SUSPICIOUS_MOVE = YES;
				CLANG_WARN_UNGUARDED_AVAILABILITY = YES_AGGRESSIVE;
				CLANG_WARN_UNREACHABLE_CODE = YES;
				CLANG_WARN__DUPLICATE_METHOD_MATCH = YES;
				COPY_PHASE_STRIP = NO;
				DEBUG_INFORMATION_FORMAT = "dwarf-with-dsym";
				ENABLE_NS_ASSERTIONS = NO;
				ENABLE_STRICT_OBJC_MSGSEND = YES;
				ENABLE_USER_SCRIPT_SANDBOXING = YES;
				GCC_C_LANGUAGE_STANDARD = gnu17;
				GCC_NO_COMMON_BLOCKS = YES;
				GCC_WARN_64_TO_32_BIT_CONVERSION = YES;
				GCC_WARN_ABOUT_RETURN_TYPE = YES_ERROR;
				GCC_WARN_UNDECLARED_SELECTOR = YES;
				GCC_WARN_UNINITIALIZED_AUTOS = YES_AGGRESSIVE;
				GCC_WARN_UNUSED_FUNCTION = YES;
				GCC_WARN_UNUSED_VARIABLE = YES;
				LOCALIZATION_PREFERS_STRING_CATALOGS = YES;
				MTL_ENABLE_DEBUG_INFO = NO;
				MTL_FAST_MATH = YES;
				SWIFT_COMPILATION_MODE = wholemodule;
			};
			name = Release;
		};
		391A9AA82BEFDDA80000E77B /* Debug */ = {
			isa = XCBuildConfiguration;
			buildSettings = {
				ASSETCATALOG_COMPILER_APPICON_NAME = AppIcon;
				ASSETCATALOG_COMPILER_GLOBAL_ACCENT_COLOR_NAME = AccentColor;
				CODE_SIGN_ENTITLEMENTS = AirportsFinder/AirportsFinder.entitlements;
				CODE_SIGN_STYLE = Automatic;
				CURRENT_PROJECT_VERSION = 1;
				DEVELOPMENT_ASSET_PATHS = "\"AirportsFinder/Preview Content\"";
				ENABLE_PREVIEWS = YES;
				GENERATE_INFOPLIST_FILE = YES;
				"INFOPLIST_KEY_UIApplicationSceneManifest_Generation[sdk=iphoneos*]" = YES;
				"INFOPLIST_KEY_UIApplicationSceneManifest_Generation[sdk=iphonesimulator*]" = YES;
				"INFOPLIST_KEY_UIApplicationSupportsIndirectInputEvents[sdk=iphoneos*]" = YES;
				"INFOPLIST_KEY_UIApplicationSupportsIndirectInputEvents[sdk=iphonesimulator*]" = YES;
				"INFOPLIST_KEY_UILaunchScreen_Generation[sdk=iphoneos*]" = YES;
				"INFOPLIST_KEY_UILaunchScreen_Generation[sdk=iphonesimulator*]" = YES;
				"INFOPLIST_KEY_UIStatusBarStyle[sdk=iphoneos*]" = UIStatusBarStyleDefault;
				"INFOPLIST_KEY_UIStatusBarStyle[sdk=iphonesimulator*]" = UIStatusBarStyleDefault;
				INFOPLIST_KEY_UISupportedInterfaceOrientations_iPad = "UIInterfaceOrientationPortrait UIInterfaceOrientationPortraitUpsideDown UIInterfaceOrientationLandscapeLeft UIInterfaceOrientationLandscapeRight";
				INFOPLIST_KEY_UISupportedInterfaceOrientations_iPhone = "UIInterfaceOrientationPortrait UIInterfaceOrientationLandscapeLeft UIInterfaceOrientationLandscapeRight";
				IPHONEOS_DEPLOYMENT_TARGET = 17.4;
				LD_RUNPATH_SEARCH_PATHS = "@executable_path/Frameworks";
				"LD_RUNPATH_SEARCH_PATHS[sdk=macosx*]" = "@executable_path/../Frameworks";
				MACOSX_DEPLOYMENT_TARGET = 14.4;
				MARKETING_VERSION = 1.0;
				PRODUCT_BUNDLE_IDENTIFIER = com.monscegutierrez.com.AirportsFinder;
				PRODUCT_NAME = "$(TARGET_NAME)";
				SDKROOT = auto;
				SUPPORTED_PLATFORMS = "iphoneos iphonesimulator macosx";
				SWIFT_EMIT_LOC_STRINGS = YES;
				SWIFT_VERSION = 5.0;
				TARGETED_DEVICE_FAMILY = "1,2";
			};
			name = Debug;
		};
		391A9AA92BEFDDA80000E77B /* Release */ = {
			isa = XCBuildConfiguration;
			buildSettings = {
				ASSETCATALOG_COMPILER_APPICON_NAME = AppIcon;
				ASSETCATALOG_COMPILER_GLOBAL_ACCENT_COLOR_NAME = AccentColor;
				CODE_SIGN_ENTITLEMENTS = AirportsFinder/AirportsFinder.entitlements;
				CODE_SIGN_STYLE = Automatic;
				CURRENT_PROJECT_VERSION = 1;
				DEVELOPMENT_ASSET_PATHS = "\"AirportsFinder/Preview Content\"";
				ENABLE_PREVIEWS = YES;
				GENERATE_INFOPLIST_FILE = YES;
				"INFOPLIST_KEY_UIApplicationSceneManifest_Generation[sdk=iphoneos*]" = YES;
				"INFOPLIST_KEY_UIApplicationSceneManifest_Generation[sdk=iphonesimulator*]" = YES;
				"INFOPLIST_KEY_UIApplicationSupportsIndirectInputEvents[sdk=iphoneos*]" = YES;
				"INFOPLIST_KEY_UIApplicationSupportsIndirectInputEvents[sdk=iphonesimulator*]" = YES;
				"INFOPLIST_KEY_UILaunchScreen_Generation[sdk=iphoneos*]" = YES;
				"INFOPLIST_KEY_UILaunchScreen_Generation[sdk=iphonesimulator*]" = YES;
				"INFOPLIST_KEY_UIStatusBarStyle[sdk=iphoneos*]" = UIStatusBarStyleDefault;
				"INFOPLIST_KEY_UIStatusBarStyle[sdk=iphonesimulator*]" = UIStatusBarStyleDefault;
				INFOPLIST_KEY_UISupportedInterfaceOrientations_iPad = "UIInterfaceOrientationPortrait UIInterfaceOrientationPortraitUpsideDown UIInterfaceOrientationLandscapeLeft UIInterfaceOrientationLandscapeRight";
				INFOPLIST_KEY_UISupportedInterfaceOrientations_iPhone = "UIInterfaceOrientationPortrait UIInterfaceOrientationLandscapeLeft UIInterfaceOrientationLandscapeRight";
				IPHONEOS_DEPLOYMENT_TARGET = 17.4;
				LD_RUNPATH_SEARCH_PATHS = "@executable_path/Frameworks";
				"LD_RUNPATH_SEARCH_PATHS[sdk=macosx*]" = "@executable_path/../Frameworks";
				MACOSX_DEPLOYMENT_TARGET = 14.4;
				MARKETING_VERSION = 1.0;
				PRODUCT_BUNDLE_IDENTIFIER = com.monscegutierrez.com.AirportsFinder;
				PRODUCT_NAME = "$(TARGET_NAME)";
				SDKROOT = auto;
				SUPPORTED_PLATFORMS = "iphoneos iphonesimulator macosx";
				SWIFT_EMIT_LOC_STRINGS = YES;
				SWIFT_VERSION = 5.0;
				TARGETED_DEVICE_FAMILY = "1,2";
			};
			name = Release;
		};
/* End XCBuildConfiguration section */

/* Begin XCConfigurationList section */
		391A9A932BEFDDA70000E77B /* Build configuration list for PBXProject "AirportsFinder" */ = {
			isa = XCConfigurationList;
			buildConfigurations = (
				391A9AA52BEFDDA80000E77B /* Debug */,
				391A9AA62BEFDDA80000E77B /* Release */,
			);
			defaultConfigurationIsVisible = 0;
			defaultConfigurationName = Release;
		};
		391A9AA72BEFDDA80000E77B /* Build configuration list for PBXNativeTarget "AirportsFinder" */ = {
			isa = XCConfigurationList;
			buildConfigurations = (
				391A9AA82BEFDDA80000E77B /* Debug */,
				391A9AA92BEFDDA80000E77B /* Release */,
			);
			defaultConfigurationIsVisible = 0;
			defaultConfigurationName = Release;
		};
/* End XCConfigurationList section */
	};
	rootObject = 391A9A902BEFDDA70000E77B /* Project object */;
}
